// !$*UTF8*$!
{
	archiveVersion = 1;
	classes = {
	};
	objectVersion = 50;
	objects = {

/* Begin PBXBuildFile section */
		AE440E0622023FA2007A0396 /* bgh.jpeg in Resources */ = {isa = PBXBuildFile; fileRef = AE440E0322023FA2007A0396 /* bgh.jpeg */; };
		AE440E0722023FA2007A0396 /* bgm.jpeg in Resources */ = {isa = PBXBuildFile; fileRef = AE440E0422023FA2007A0396 /* bgm.jpeg */; };
		AE440E0822023FA2007A0396 /* bgr.jpeg in Resources */ = {isa = PBXBuildFile; fileRef = AE440E0522023FA2007A0396 /* bgr.jpeg */; };
		AE440E0A220244AE007A0396 /* loginn.png in Resources */ = {isa = PBXBuildFile; fileRef = AE440E09220244AE007A0396 /* loginn.png */; };
		AE440E0E2202450E007A0396 /* me1.png in Resources */ = {isa = PBXBuildFile; fileRef = AE440E0D2202450E007A0396 /* me1.png */; };
		AE440E122202472D007A0396 /* website.png in Resources */ = {isa = PBXBuildFile; fileRef = AE440E112202472D007A0396 /* website.png */; };
		AE440E14220247FF007A0396 /* load.jpeg in Resources */ = {isa = PBXBuildFile; fileRef = AE440E13220247FF007A0396 /* load.jpeg */; };
		AE440E162202482C007A0396 /* loading.gif in Resources */ = {isa = PBXBuildFile; fileRef = AE440E152202482C007A0396 /* loading.gif */; };
		AE440E18220248B9007A0396 /* loadd.gif in Resources */ = {isa = PBXBuildFile; fileRef = AE440E17220248B9007A0396 /* loadd.gif */; };
		AE440E1C22024F82007A0396 /* me88.jpeg in Resources */ = {isa = PBXBuildFile; fileRef = AE440E1B22024F82007A0396 /* me88.jpeg */; };
		AEE2FF0522010BFC00C7A80E /* AppDelegate.swift in Sources */ = {isa = PBXBuildFile; fileRef = AEE2FF0422010BFC00C7A80E /* AppDelegate.swift */; };
		AEE2FF0722010BFC00C7A80E /* ViewController.swift in Sources */ = {isa = PBXBuildFile; fileRef = AEE2FF0622010BFC00C7A80E /* ViewController.swift */; };
		AEE2FF0A22010BFC00C7A80E /* Main.storyboard in Resources */ = {isa = PBXBuildFile; fileRef = AEE2FF0822010BFC00C7A80E /* Main.storyboard */; };
		AEE2FF0C22010BFE00C7A80E /* Assets.xcassets in Resources */ = {isa = PBXBuildFile; fileRef = AEE2FF0B22010BFE00C7A80E /* Assets.xcassets */; };
		AEE2FF0F22010BFE00C7A80E /* LaunchScreen.storyboard in Resources */ = {isa = PBXBuildFile; fileRef = AEE2FF0D22010BFE00C7A80E /* LaunchScreen.storyboard */; };
		AEE2FF1B22010FEB00C7A80E /* RegisterViewController.swift in Sources */ = {isa = PBXBuildFile; fileRef = AEE2FF1A22010FEB00C7A80E /* RegisterViewController.swift */; };
		AEE2FF1D22010FFC00C7A80E /* AboutViewController.swift in Sources */ = {isa = PBXBuildFile; fileRef = AEE2FF1C22010FFC00C7A80E /* AboutViewController.swift */; };
		AEE2FF1F2201100F00C7A80E /* WebViewController.swift in Sources */ = {isa = PBXBuildFile; fileRef = AEE2FF1E2201100F00C7A80E /* WebViewController.swift */; };
		AEE2FF48220231EE00C7A80E /* WebKit.framework in Frameworks */ = {isa = PBXBuildFile; fileRef = AEE2FF47220231EE00C7A80E /* WebKit.framework */; };
/* End PBXBuildFile section */

/* Begin PBXFileReference section */
		AE440E0322023FA2007A0396 /* bgh.jpeg */ = {isa = PBXFileReference; lastKnownFileType = image.jpeg; path = bgh.jpeg; sourceTree = "<group>"; };
		AE440E0422023FA2007A0396 /* bgm.jpeg */ = {isa = PBXFileReference; lastKnownFileType = image.jpeg; path = bgm.jpeg; sourceTree = "<group>"; };
		AE440E0522023FA2007A0396 /* bgr.jpeg */ = {isa = PBXFileReference; lastKnownFileType = image.jpeg; path = bgr.jpeg; sourceTree = "<group>"; };
		AE440E09220244AE007A0396 /* loginn.png */ = {isa = PBXFileReference; lastKnownFileType = image.png; path = loginn.png; sourceTree = "<group>"; };
		AE440E0D2202450E007A0396 /* me1.png */ = {isa = PBXFileReference; lastKnownFileType = image.png; path = me1.png; sourceTree = "<group>"; };
		AE440E112202472D007A0396 /* website.png */ = {isa = PBXFileReference; lastKnownFileType = image.png; path = website.png; sourceTree = "<group>"; };
		AE440E13220247FF007A0396 /* load.jpeg */ = {isa = PBXFileReference; lastKnownFileType = image.jpeg; path = load.jpeg; sourceTree = "<group>"; };
		AE440E152202482C007A0396 /* loading.gif */ = {isa = PBXFileReference; lastKnownFileType = image.gif; path = loading.gif; sourceTree = "<group>"; };
		AE440E17220248B9007A0396 /* loadd.gif */ = {isa = PBXFileReference; lastKnownFileType = image.gif; path = loadd.gif; sourceTree = "<group>"; };
		AE440E1B22024F82007A0396 /* me88.jpeg */ = {isa = PBXFileReference; lastKnownFileType = image.jpeg; path = me88.jpeg; sourceTree = "<group>"; };
		AEE2FF0122010BFC00C7A80E /* Assignment1.app */ = {isa = PBXFileReference; explicitFileType = wrapper.application; includeInIndex = 0; path = Assignment1.app; sourceTree = BUILT_PRODUCTS_DIR; };
		AEE2FF0422010BFC00C7A80E /* AppDelegate.swift */ = {isa = PBXFileReference; lastKnownFileType = sourcecode.swift; path = AppDelegate.swift; sourceTree = "<group>"; };
		AEE2FF0622010BFC00C7A80E /* ViewController.swift */ = {isa = PBXFileReference; lastKnownFileType = sourcecode.swift; path = ViewController.swift; sourceTree = "<group>"; };
		AEE2FF0922010BFC00C7A80E /* Base */ = {isa = PBXFileReference; lastKnownFileType = file.storyboard; name = Base; path = Base.lproj/Main.storyboard; sourceTree = "<group>"; };
		AEE2FF0B22010BFE00C7A80E /* Assets.xcassets */ = {isa = PBXFileReference; lastKnownFileType = folder.assetcatalog; path = Assets.xcassets; sourceTree = "<group>"; };
		AEE2FF0E22010BFE00C7A80E /* Base */ = {isa = PBXFileReference; lastKnownFileType = file.storyboard; name = Base; path = Base.lproj/LaunchScreen.storyboard; sourceTree = "<group>"; };
		AEE2FF1022010BFE00C7A80E /* Info.plist */ = {isa = PBXFileReference; lastKnownFileType = text.plist.xml; path = Info.plist; sourceTree = "<group>"; };
		AEE2FF1A22010FEB00C7A80E /* RegisterViewController.swift */ = {isa = PBXFileReference; lastKnownFileType = sourcecode.swift; path = RegisterViewController.swift; sourceTree = "<group>"; };
		AEE2FF1C22010FFC00C7A80E /* AboutViewController.swift */ = {isa = PBXFileReference; lastKnownFileType = sourcecode.swift; path = AboutViewController.swift; sourceTree = "<group>"; };
		AEE2FF1E2201100F00C7A80E /* WebViewController.swift */ = {isa = PBXFileReference; lastKnownFileType = sourcecode.swift; path = WebViewController.swift; sourceTree = "<group>"; };
		AEE2FF47220231EE00C7A80E /* WebKit.framework */ = {isa = PBXFileReference; lastKnownFileType = wrapper.framework; name = WebKit.framework; path = System/Library/Frameworks/WebKit.framework; sourceTree = SDKROOT; };
/* End PBXFileReference section */

/* Begin PBXFrameworksBuildPhase section */
		AEE2FEFE22010BFC00C7A80E /* Frameworks */ = {
			isa = PBXFrameworksBuildPhase;
			buildActionMask = 2147483647;
			files = (
				AEE2FF48220231EE00C7A80E /* WebKit.framework in Frameworks */,
			);
			runOnlyForDeploymentPostprocessing = 0;
		};
/* End PBXFrameworksBuildPhase section */

/* Begin PBXGroup section */
		AEE2FEF822010BFC00C7A80E = {
			isa = PBXGroup;
			children = (
				AEE2FF0322010BFC00C7A80E /* Assignment1 */,
				AEE2FF0222010BFC00C7A80E /* Products */,
				AEE2FF46220231EE00C7A80E /* Frameworks */,
			);
			sourceTree = "<group>";
		};
		AEE2FF0222010BFC00C7A80E /* Products */ = {
			isa = PBXGroup;
			children = (
				AEE2FF0122010BFC00C7A80E /* Assignment1.app */,
			);
			name = Products;
			sourceTree = "<group>";
		};
		AEE2FF0322010BFC00C7A80E /* Assignment1 */ = {
			isa = PBXGroup;
			children = (
				AEE2FF1622010D9800C7A80E /* Story Board */,
				AEE2FF1822010DBB00C7A80E /* View Controller */,
				AEE2FF1922010E1D00C7A80E /* Images */,
				AEE2FF1722010DB300C7A80E /* Classes */,
				AEE2FF1022010BFE00C7A80E /* Info.plist */,
			);
			path = Assignment1;
			sourceTree = "<group>";
		};
		AEE2FF1622010D9800C7A80E /* Story Board */ = {
			isa = PBXGroup;
			children = (
				AEE2FF0822010BFC00C7A80E /* Main.storyboard */,
				AEE2FF0D22010BFE00C7A80E /* LaunchScreen.storyboard */,
			);
			path = "Story Board";
			sourceTree = "<group>";
		};
		AEE2FF1722010DB300C7A80E /* Classes */ = {
			isa = PBXGroup;
			children = (
				AEE2FF0422010BFC00C7A80E /* AppDelegate.swift */,
			);
			path = Classes;
			sourceTree = "<group>";
		};
		AEE2FF1822010DBB00C7A80E /* View Controller */ = {
			isa = PBXGroup;
			children = (
				AEE2FF0622010BFC00C7A80E /* ViewController.swift */,
				AEE2FF1A22010FEB00C7A80E /* RegisterViewController.swift */,
				AEE2FF1C22010FFC00C7A80E /* AboutViewController.swift */,
				AEE2FF1E2201100F00C7A80E /* WebViewController.swift */,
			);
			path = "View Controller";
			sourceTree = "<group>";
		};
		AEE2FF1922010E1D00C7A80E /* Images */ = {
			isa = PBXGroup;
			children = (
				AE440E152202482C007A0396 /* loading.gif */,
				AE440E17220248B9007A0396 /* loadd.gif */,
				AE440E1B22024F82007A0396 /* me88.jpeg */,
				AE440E13220247FF007A0396 /* load.jpeg */,
				AE440E0D2202450E007A0396 /* me1.png */,
				AE440E112202472D007A0396 /* website.png */,
				AE440E09220244AE007A0396 /* loginn.png */,
				AE440E0322023FA2007A0396 /* bgh.jpeg */,
				AE440E0422023FA2007A0396 /* bgm.jpeg */,
				AE440E0522023FA2007A0396 /* bgr.jpeg */,
				AEE2FF0B22010BFE00C7A80E /* Assets.xcassets */,
			);
			path = Images;
			sourceTree = "<group>";
		};
		AEE2FF46220231EE00C7A80E /* Frameworks */ = {
			isa = PBXGroup;
			children = (
				AEE2FF47220231EE00C7A80E /* WebKit.framework */,
			);
			name = Frameworks;
			sourceTree = "<group>";
		};
/* End PBXGroup section */

/* Begin PBXNativeTarget section */
		AEE2FF0022010BFC00C7A80E /* Assignment1 */ = {
			isa = PBXNativeTarget;
			buildConfigurationList = AEE2FF1322010BFE00C7A80E /* Build configuration list for PBXNativeTarget "Assignment1" */;
			buildPhases = (
				AEE2FEFD22010BFC00C7A80E /* Sources */,
				AEE2FEFE22010BFC00C7A80E /* Frameworks */,
				AEE2FEFF22010BFC00C7A80E /* Resources */,
			);
			buildRules = (
			);
			dependencies = (
			);
			name = Assignment1;
			productName = Assignment1;
			productReference = AEE2FF0122010BFC00C7A80E /* Assignment1.app */;
			productType = "com.apple.product-type.application";
		};
/* End PBXNativeTarget section */

/* Begin PBXProject section */
		AEE2FEF922010BFC00C7A80E /* Project object */ = {
			isa = PBXProject;
			attributes = {
				LastSwiftUpdateCheck = 1010;
				LastUpgradeCheck = 1010;
				ORGANIZATIONNAME = "Jessica Yan";
				TargetAttributes = {
					AEE2FF0022010BFC00C7A80E = {
						CreatedOnToolsVersion = 10.1;
					};
				};
			};
			buildConfigurationList = AEE2FEFC22010BFC00C7A80E /* Build configuration list for PBXProject "Assignment1" */;
			compatibilityVersion = "Xcode 9.3";
			developmentRegion = en;
			hasScannedForEncodings = 0;
			knownRegions = (
				en,
				Base,
			);
			mainGroup = AEE2FEF822010BFC00C7A80E;
			productRefGroup = AEE2FF0222010BFC00C7A80E /* Products */;
			projectDirPath = "";
			projectRoot = "";
			targets = (
				AEE2FF0022010BFC00C7A80E /* Assignment1 */,
			);
		};
/* End PBXProject section */

/* Begin PBXResourcesBuildPhase section */
		AEE2FEFF22010BFC00C7A80E /* Resources */ = {
			isa = PBXResourcesBuildPhase;
			buildActionMask = 2147483647;
			files = (
				AE440E14220247FF007A0396 /* load.jpeg in Resources */,
				AE440E18220248B9007A0396 /* loadd.gif in Resources */,
				AE440E0A220244AE007A0396 /* loginn.png in Resources */,
				AE440E0722023FA2007A0396 /* bgm.jpeg in Resources */,
				AEE2FF0F22010BFE00C7A80E /* LaunchScreen.storyboard in Resources */,
				AE440E0622023FA2007A0396 /* bgh.jpeg in Resources */,
				AEE2FF0C22010BFE00C7A80E /* Assets.xcassets in Resources */,
				AE440E122202472D007A0396 /* website.png in Resources */,
				AE440E1C22024F82007A0396 /* me88.jpeg in Resources */,
				AEE2FF0A22010BFC00C7A80E /* Main.storyboard in Resources */,
				AE440E162202482C007A0396 /* loading.gif in Resources */,
				AE440E0E2202450E007A0396 /* me1.png in Resources */,
				AE440E0822023FA2007A0396 /* bgr.jpeg in Resources */,
			);
			runOnlyForDeploymentPostprocessing = 0;
		};
/* End PBXResourcesBuildPhase section */

/* Begin PBXSourcesBuildPhase section */
		AEE2FEFD22010BFC00C7A80E /* Sources */ = {
			isa = PBXSourcesBuildPhase;
			buildActionMask = 2147483647;
			files = (
				AEE2FF1B22010FEB00C7A80E /* RegisterViewController.swift in Sources */,
				AEE2FF0722010BFC00C7A80E /* ViewController.swift in Sources */,
				AEE2FF1D22010FFC00C7A80E /* AboutViewController.swift in Sources */,
				AEE2FF1F2201100F00C7A80E /* WebViewController.swift in Sources */,
				AEE2FF0522010BFC00C7A80E /* AppDelegate.swift in Sources */,
			);
			runOnlyForDeploymentPostprocessing = 0;
		};
/* End PBXSourcesBuildPhase section */

/* Begin PBXVariantGroup section */
		AEE2FF0822010BFC00C7A80E /* Main.storyboard */ = {
			isa = PBXVariantGroup;
			children = (
				AEE2FF0922010BFC00C7A80E /* Base */,
			);
			name = Main.storyboard;
			sourceTree = "<group>";
		};
		AEE2FF0D22010BFE00C7A80E /* LaunchScreen.storyboard */ = {
			isa = PBXVariantGroup;
			children = (
				AEE2FF0E22010BFE00C7A80E /* Base */,
			);
			name = LaunchScreen.storyboard;
			sourceTree = "<group>";
		};
/* End PBXVariantGroup section */

/* Begin XCBuildConfiguration section */
		AEE2FF1122010BFE00C7A80E /* Debug */ = {
			isa = XCBuildConfiguration;
			buildSettings = {
				ALWAYS_SEARCH_USER_PATHS = NO;
				CLANG_ANALYZER_NONNULL = YES;
				CLANG_ANALYZER_NUMBER_OBJECT_CONVERSION = YES_AGGRESSIVE;
				CLANG_CXX_LANGUAGE_STANDARD = "gnu++14";
				CLANG_CXX_LIBRARY = "libc++";
				CLANG_ENABLE_MODULES = YES;
				CLANG_ENABLE_OBJC_ARC = YES;
				CLANG_ENABLE_OBJC_WEAK = YES;
				CLANG_WARN_BLOCK_CAPTURE_AUTORELEASING = YES;
				CLANG_WARN_BOOL_CONVERSION = YES;
				CLANG_WARN_COMMA = YES;
				CLANG_WARN_CONSTANT_CONVERSION = YES;
				CLANG_WARN_DEPRECATED_OBJC_IMPLEMENTATIONS = YES;
				CLANG_WARN_DIRECT_OBJC_ISA_USAGE = YES_ERROR;
				CLANG_WARN_DOCUMENTATION_COMMENTS = YES;
				CLANG_WARN_EMPTY_BODY = YES;
				CLANG_WARN_ENUM_CONVERSION = YES;
				CLANG_WARN_INFINITE_RECURSION = YES;
				CLANG_WARN_INT_CONVERSION = YES;
				CLANG_WARN_NON_LITERAL_NULL_CONVERSION = YES;
				CLANG_WARN_OBJC_IMPLICIT_RETAIN_SELF = YES;
				CLANG_WARN_OBJC_LITERAL_CONVERSION = YES;
				CLANG_WARN_OBJC_ROOT_CLASS = YES_ERROR;
				CLANG_WARN_RANGE_LOOP_ANALYSIS = YES;
				CLANG_WARN_STRICT_PROTOTYPES = YES;
				CLANG_WARN_SUSPICIOUS_MOVE = YES;
				CLANG_WARN_UNGUARDED_AVAILABILITY = YES_AGGRESSIVE;
				CLANG_WARN_UNREACHABLE_CODE = YES;
				CLANG_WARN__DUPLICATE_METHOD_MATCH = YES;
				CODE_SIGN_IDENTITY = "iPhone Developer";
				COPY_PHASE_STRIP = NO;
				DEBUG_INFORMATION_FORMAT = dwarf;
				ENABLE_STRICT_OBJC_MSGSEND = YES;
				ENABLE_TESTABILITY = YES;
				GCC_C_LANGUAGE_STANDARD = gnu11;
				GCC_DYNAMIC_NO_PIC = NO;
				GCC_NO_COMMON_BLOCKS = YES;
				GCC_OPTIMIZATION_LEVEL = 0;
				GCC_PREPROCESSOR_DEFINITIONS = (
					"DEBUG=1",
					"$(inherited)",
				);
				GCC_WARN_64_TO_32_BIT_CONVERSION = YES;
				GCC_WARN_ABOUT_RETURN_TYPE = YES_ERROR;
				GCC_WARN_UNDECLARED_SELECTOR = YES;
				GCC_WARN_UNINITIALIZED_AUTOS = YES_AGGRESSIVE;
				GCC_WARN_UNUSED_FUNCTION = YES;
				GCC_WARN_UNUSED_VARIABLE = YES;
				IPHONEOS_DEPLOYMENT_TARGET = 12.1;
				MTL_ENABLE_DEBUG_INFO = INCLUDE_SOURCE;
				MTL_FAST_MATH = YES;
				ONLY_ACTIVE_ARCH = YES;
				SDKROOT = iphoneos;
				SWIFT_ACTIVE_COMPILATION_CONDITIONS = DEBUG;
				SWIFT_OPTIMIZATION_LEVEL = "-Onone";
			};
			name = Debug;
		};
		AEE2FF1222010BFE00C7A80E /* Release */ = {
			isa = XCBuildConfiguration;
			buildSettings = {
				ALWAYS_SEARCH_USER_PATHS = NO;
				CLANG_ANALYZER_NONNULL = YES;
				CLANG_ANALYZER_NUMBER_OBJECT_CONVERSION = YES_AGGRESSIVE;
				CLANG_CXX_LANGUAGE_STANDARD = "gnu++14";
				CLANG_CXX_LIBRARY = "libc++";
				CLANG_ENABLE_MODULES = YES;
				CLANG_ENABLE_OBJC_ARC = YES;
				CLANG_ENABLE_OBJC_WEAK = YES;
				CLANG_WARN_BLOCK_CAPTURE_AUTORELEASING = YES;
				CLANG_WARN_BOOL_CONVERSION = YES;
				CLANG_WARN_COMMA = YES;
				CLANG_WARN_CONSTANT_CONVERSION = YES;
				CLANG_WARN_DEPRECATED_OBJC_IMPLEMENTATIONS = YES;
				CLANG_WARN_DIRECT_OBJC_ISA_USAGE = YES_ERROR;
				CLANG_WARN_DOCUMENTATION_COMMENTS = YES;
				CLANG_WARN_EMPTY_BODY = YES;
				CLANG_WARN_ENUM_CONVERSION = YES;
				CLANG_WARN_INFINITE_RECURSION = YES;
				CLANG_WARN_INT_CONVERSION = YES;
				CLANG_WARN_NON_LITERAL_NULL_CONVERSION = YES;
				CLANG_WARN_OBJC_IMPLICIT_RETAIN_SELF = YES;
				CLANG_WARN_OBJC_LITERAL_CONVERSION = YES;
				CLANG_WARN_OBJC_ROOT_CLASS = YES_ERROR;
				CLANG_WARN_RANGE_LOOP_ANALYSIS = YES;
				CLANG_WARN_STRICT_PROTOTYPES = YES;
				CLANG_WARN_SUSPICIOUS_MOVE = YES;
				CLANG_WARN_UNGUARDED_AVAILABILITY = YES_AGGRESSIVE;
				CLANG_WARN_UNREACHABLE_CODE = YES;
				CLANG_WARN__DUPLICATE_METHOD_MATCH = YES;
				CODE_SIGN_IDENTITY = "iPhone Developer";
				COPY_PHASE_STRIP = NO;
				DEBUG_INFORMATION_FORMAT = "dwarf-with-dsym";
				ENABLE_NS_ASSERTIONS = NO;
				ENABLE_STRICT_OBJC_MSGSEND = YES;
				GCC_C_LANGUAGE_STANDARD = gnu11;
				GCC_NO_COMMON_BLOCKS = YES;
				GCC_WARN_64_TO_32_BIT_CONVERSION = YES;
				GCC_WARN_ABOUT_RETURN_TYPE = YES_ERROR;
				GCC_WARN_UNDECLARED_SELECTOR = YES;
				GCC_WARN_UNINITIALIZED_AUTOS = YES_AGGRESSIVE;
				GCC_WARN_UNUSED_FUNCTION = YES;
				GCC_WARN_UNUSED_VARIABLE = YES;
				IPHONEOS_DEPLOYMENT_TARGET = 12.1;
				MTL_ENABLE_DEBUG_INFO = NO;
				MTL_FAST_MATH = YES;
				SDKROOT = iphoneos;
				SWIFT_COMPILATION_MODE = wholemodule;
				SWIFT_OPTIMIZATION_LEVEL = "-O";
				VALIDATE_PRODUCT = YES;
			};
			name = Release;
		};
		AEE2FF1422010BFE00C7A80E /* Debug */ = {
			isa = XCBuildConfiguration;
			buildSettings = {
				ASSETCATALOG_COMPILER_APPICON_NAME = AppIcon;
				CODE_SIGN_STYLE = Automatic;
				DEVELOPMENT_TEAM = M8G4454U8X;
				INFOPLIST_FILE = Assignment1/Info.plist;
				LD_RUNPATH_SEARCH_PATHS = (
					"$(inherited)",
					"@executable_path/Frameworks",
				);
				PRODUCT_BUNDLE_IDENTIFIER = com.prog61632.Assignment1;
				PRODUCT_NAME = "$(TARGET_NAME)";
				SWIFT_VERSION = 4.2;
				TARGETED_DEVICE_FAMILY = "1,2";
			};
			name = Debug;
		};
		AEE2FF1522010BFE00C7A80E /* Release */ = {
			isa = XCBuildConfiguration;
			buildSettings = {
				ASSETCATALOG_COMPILER_APPICON_NAME = AppIcon;
				CODE_SIGN_STYLE = Automatic;
				DEVELOPMENT_TEAM = M8G4454U8X;
				INFOPLIST_FILE = Assignment1/Info.plist;
				LD_RUNPATH_SEARCH_PATHS = (
					"$(inherited)",
					"@executable_path/Frameworks",
				);
				PRODUCT_BUNDLE_IDENTIFIER = com.prog61632.Assignment1;
				PRODUCT_NAME = "$(TARGET_NAME)";
				SWIFT_VERSION = 4.2;
				TARGETED_DEVICE_FAMILY = "1,2";
			};
			name = Release;
		};
/* End XCBuildConfiguration section */

/* Begin XCConfigurationList section */
		AEE2FEFC22010BFC00C7A80E /* Build configuration list for PBXProject "Assignment1" */ = {
			isa = XCConfigurationList;
			buildConfigurations = (
				AEE2FF1122010BFE00C7A80E /* Debug */,
				AEE2FF1222010BFE00C7A80E /* Release */,
			);
			defaultConfigurationIsVisible = 0;
			defaultConfigurationName = Release;
		};
		AEE2FF1322010BFE00C7A80E /* Build configuration list for PBXNativeTarget "Assignment1" */ = {
			isa = XCConfigurationList;
			buildConfigurations = (
				AEE2FF1422010BFE00C7A80E /* Debug */,
				AEE2FF1522010BFE00C7A80E /* Release */,
			);
			defaultConfigurationIsVisible = 0;
			defaultConfigurationName = Release;
		};
/* End XCConfigurationList section */
	};
	rootObject = AEE2FEF922010BFC00C7A80E /* Project object */;
}
